// !$*UTF8*$!
{
	archiveVersion = 1;
	classes = {
	};
	objectVersion = 51;
	objects = {

/* Begin PBXBuildFile section */
		BD8CE2416CACED9B9A9843DE /* Pods_JustAskBizz.framework in Frameworks */ = {isa = PBXBuildFile; fileRef = 564785216CF6C74210B590BC /* Pods_JustAskBizz.framework */; };
		FB47083B2659251C00F92BF5 /* EditProfilePageView.swift in Sources */ = {isa = PBXBuildFile; fileRef = FB4708332659251B00F92BF5 /* EditProfilePageView.swift */; };
		FB47083C2659251C00F92BF5 /* HomePageView.swift in Sources */ = {isa = PBXBuildFile; fileRef = FB4708342659251B00F92BF5 /* HomePageView.swift */; };
		FB47083D2659251C00F92BF5 /* LogInPageView.swift in Sources */ = {isa = PBXBuildFile; fileRef = FB4708352659251B00F92BF5 /* LogInPageView.swift */; };
		FB47083E2659251C00F92BF5 /* QuestionAddPageView.swift in Sources */ = {isa = PBXBuildFile; fileRef = FB4708362659251B00F92BF5 /* QuestionAddPageView.swift */; };
		FB47083F2659251C00F92BF5 /* QuestionsPageView.swift in Sources */ = {isa = PBXBuildFile; fileRef = FB4708372659251C00F92BF5 /* QuestionsPageView.swift */; };
		FB4708402659251C00F92BF5 /* ProfilePageView.swift in Sources */ = {isa = PBXBuildFile; fileRef = FB4708382659251C00F92BF5 /* ProfilePageView.swift */; };
		FB4708412659251C00F92BF5 /* AnswerPageView.swift in Sources */ = {isa = PBXBuildFile; fileRef = FB4708392659251C00F92BF5 /* AnswerPageView.swift */; };
		FB4708422659251C00F92BF5 /* SearchPageView.swift in Sources */ = {isa = PBXBuildFile; fileRef = FB47083A2659251C00F92BF5 /* SearchPageView.swift */; };
		FB47084726592B6000F92BF5 /* User.swift in Sources */ = {isa = PBXBuildFile; fileRef = FB47084626592B6000F92BF5 /* User.swift */; };
		FB47084B26592BAB00F92BF5 /* Question.swift in Sources */ = {isa = PBXBuildFile; fileRef = FB47084A26592BAB00F92BF5 /* Question.swift */; };
		FB539E5A2657EDEE00FF3211 /* JustAskBizzApp.swift in Sources */ = {isa = PBXBuildFile; fileRef = FB539E592657EDEE00FF3211 /* JustAskBizzApp.swift */; };
		FB539E5E2657EDF100FF3211 /* Assets.xcassets in Resources */ = {isa = PBXBuildFile; fileRef = FB539E5D2657EDF100FF3211 /* Assets.xcassets */; };
		FB539E612657EDF100FF3211 /* Preview Assets.xcassets in Resources */ = {isa = PBXBuildFile; fileRef = FB539E602657EDF100FF3211 /* Preview Assets.xcassets */; };
		FB539E6F2657EFE200FF3211 /* LoginView.swift in Sources */ = {isa = PBXBuildFile; fileRef = FB539E6E2657EFE200FF3211 /* LoginView.swift */; };
		FB539E732657EFED00FF3211 /* RegisterView.swift in Sources */ = {isa = PBXBuildFile; fileRef = FB539E722657EFED00FF3211 /* RegisterView.swift */; };
		FB539E7B2657F11C00FF3211 /* AuthViewModel.swift in Sources */ = {isa = PBXBuildFile; fileRef = FB539E7A2657F11C00FF3211 /* AuthViewModel.swift */; };
		FB539E822657F32700FF3211 /* GoogleService-Info.plist in Resources */ = {isa = PBXBuildFile; fileRef = FB539E812657F32700FF3211 /* GoogleService-Info.plist */; };
/* End PBXBuildFile section */

/* Begin PBXFileReference section */
		0CA6BABDF7F133F8EF310373 /* Pods-JustAskBizz.debug.xcconfig */ = {isa = PBXFileReference; includeInIndex = 1; lastKnownFileType = text.xcconfig; name = "Pods-JustAskBizz.debug.xcconfig"; path = "Target Support Files/Pods-JustAskBizz/Pods-JustAskBizz.debug.xcconfig"; sourceTree = "<group>"; };
		564785216CF6C74210B590BC /* Pods_JustAskBizz.framework */ = {isa = PBXFileReference; explicitFileType = wrapper.framework; includeInIndex = 0; path = Pods_JustAskBizz.framework; sourceTree = BUILT_PRODUCTS_DIR; };
		8DA93C9CFC510CBA6215C9EE /* Pods-JustAskBizz.release.xcconfig */ = {isa = PBXFileReference; includeInIndex = 1; lastKnownFileType = text.xcconfig; name = "Pods-JustAskBizz.release.xcconfig"; path = "Target Support Files/Pods-JustAskBizz/Pods-JustAskBizz.release.xcconfig"; sourceTree = "<group>"; };
		FB4708332659251B00F92BF5 /* EditProfilePageView.swift */ = {isa = PBXFileReference; fileEncoding = 4; lastKnownFileType = sourcecode.swift; name = EditProfilePageView.swift; path = "../../../../SEM4-SmartMobile-UDA/JustAskBiz/JustAskBiz/EditProfilePageView.swift"; sourceTree = "<group>"; };
		FB4708342659251B00F92BF5 /* HomePageView.swift */ = {isa = PBXFileReference; fileEncoding = 4; lastKnownFileType = sourcecode.swift; name = HomePageView.swift; path = "../../../../SEM4-SmartMobile-UDA/JustAskBiz/JustAskBiz/HomePageView.swift"; sourceTree = "<group>"; };
		FB4708352659251B00F92BF5 /* LogInPageView.swift */ = {isa = PBXFileReference; fileEncoding = 4; lastKnownFileType = sourcecode.swift; name = LogInPageView.swift; path = "../../../../SEM4-SmartMobile-UDA/JustAskBiz/JustAskBiz/LogInPageView.swift"; sourceTree = "<group>"; };
		FB4708362659251B00F92BF5 /* QuestionAddPageView.swift */ = {isa = PBXFileReference; fileEncoding = 4; lastKnownFileType = sourcecode.swift; name = QuestionAddPageView.swift; path = "../../../../SEM4-SmartMobile-UDA/JustAskBiz/JustAskBiz/QuestionAddPageView.swift"; sourceTree = "<group>"; };
		FB4708372659251C00F92BF5 /* QuestionsPageView.swift */ = {isa = PBXFileReference; fileEncoding = 4; lastKnownFileType = sourcecode.swift; name = QuestionsPageView.swift; path = "../../../../SEM4-SmartMobile-UDA/JustAskBiz/JustAskBiz/QuestionsPageView.swift"; sourceTree = "<group>"; };
		FB4708382659251C00F92BF5 /* ProfilePageView.swift */ = {isa = PBXFileReference; fileEncoding = 4; lastKnownFileType = sourcecode.swift; name = ProfilePageView.swift; path = "../../../../SEM4-SmartMobile-UDA/JustAskBiz/JustAskBiz/ProfilePageView.swift"; sourceTree = "<group>"; };
		FB4708392659251C00F92BF5 /* AnswerPageView.swift */ = {isa = PBXFileReference; fileEncoding = 4; lastKnownFileType = sourcecode.swift; name = AnswerPageView.swift; path = "../../../../SEM4-SmartMobile-UDA/JustAskBiz/JustAskBiz/AnswerPageView.swift"; sourceTree = "<group>"; };
		FB47083A2659251C00F92BF5 /* SearchPageView.swift */ = {isa = PBXFileReference; fileEncoding = 4; lastKnownFileType = sourcecode.swift; name = SearchPageView.swift; path = "../../../../SEM4-SmartMobile-UDA/JustAskBiz/JustAskBiz/SearchPageView.swift"; sourceTree = "<group>"; };
		FB47084626592B6000F92BF5 /* User.swift */ = {isa = PBXFileReference; lastKnownFileType = sourcecode.swift; path = User.swift; sourceTree = "<group>"; };
		FB47084A26592BAB00F92BF5 /* Question.swift */ = {isa = PBXFileReference; lastKnownFileType = sourcecode.swift; path = Question.swift; sourceTree = "<group>"; };
		FB539E562657EDEE00FF3211 /* JustAskBizz.app */ = {isa = PBXFileReference; explicitFileType = wrapper.application; includeInIndex = 0; path = JustAskBizz.app; sourceTree = BUILT_PRODUCTS_DIR; };
		FB539E592657EDEE00FF3211 /* JustAskBizzApp.swift */ = {isa = PBXFileReference; lastKnownFileType = sourcecode.swift; path = JustAskBizzApp.swift; sourceTree = "<group>"; };
		FB539E5D2657EDF100FF3211 /* Assets.xcassets */ = {isa = PBXFileReference; lastKnownFileType = folder.assetcatalog; path = Assets.xcassets; sourceTree = "<group>"; };
		FB539E602657EDF100FF3211 /* Preview Assets.xcassets */ = {isa = PBXFileReference; lastKnownFileType = folder.assetcatalog; path = "Preview Assets.xcassets"; sourceTree = "<group>"; };
		FB539E622657EDF100FF3211 /* Info.plist */ = {isa = PBXFileReference; lastKnownFileType = text.plist.xml; path = Info.plist; sourceTree = "<group>"; };
		FB539E6E2657EFE200FF3211 /* LoginView.swift */ = {isa = PBXFileReference; lastKnownFileType = sourcecode.swift; path = LoginView.swift; sourceTree = "<group>"; };
		FB539E722657EFED00FF3211 /* RegisterView.swift */ = {isa = PBXFileReference; lastKnownFileType = sourcecode.swift; path = RegisterView.swift; sourceTree = "<group>"; };
		FB539E7A2657F11C00FF3211 /* AuthViewModel.swift */ = {isa = PBXFileReference; lastKnownFileType = sourcecode.swift; path = AuthViewModel.swift; sourceTree = "<group>"; };
		FB539E812657F32700FF3211 /* GoogleService-Info.plist */ = {isa = PBXFileReference; fileEncoding = 4; lastKnownFileType = text.plist.xml; name = "GoogleService-Info.plist"; path = "../../../../Downloads/GoogleService-Info.plist"; sourceTree = "<group>"; };
/* End PBXFileReference section */

/* Begin PBXFrameworksBuildPhase section */
		FB539E532657EDEE00FF3211 /* Frameworks */ = {
			isa = PBXFrameworksBuildPhase;
			buildActionMask = 2147483647;
			files = (
				BD8CE2416CACED9B9A9843DE /* Pods_JustAskBizz.framework in Frameworks */,
			);
			runOnlyForDeploymentPostprocessing = 0;
		};
/* End PBXFrameworksBuildPhase section */

/* Begin PBXGroup section */
		44599D93936A3A35E1E7E8C2 /* Frameworks */ = {
			isa = PBXGroup;
			children = (
				564785216CF6C74210B590BC /* Pods_JustAskBizz.framework */,
			);
			name = Frameworks;
			sourceTree = "<group>";
		};
		AB30C136D680680EDCDFD53A /* Pods */ = {
			isa = PBXGroup;
			children = (
				0CA6BABDF7F133F8EF310373 /* Pods-JustAskBizz.debug.xcconfig */,
				8DA93C9CFC510CBA6215C9EE /* Pods-JustAskBizz.release.xcconfig */,
			);
			path = Pods;
			sourceTree = "<group>";
		};
		FB47084526592B4D00F92BF5 /* Models */ = {
			isa = PBXGroup;
			children = (
				FB47084626592B6000F92BF5 /* User.swift */,
				FB47084A26592BAB00F92BF5 /* Question.swift */,
			);
			path = Models;
			sourceTree = "<group>";
		};
		FB539E4D2657EDEE00FF3211 = {
			isa = PBXGroup;
			children = (
				FB539E582657EDEE00FF3211 /* JustAskBizz */,
				FB539E572657EDEE00FF3211 /* Products */,
				AB30C136D680680EDCDFD53A /* Pods */,
				44599D93936A3A35E1E7E8C2 /* Frameworks */,
			);
			sourceTree = "<group>";
		};
		FB539E572657EDEE00FF3211 /* Products */ = {
			isa = PBXGroup;
			children = (
				FB539E562657EDEE00FF3211 /* JustAskBizz.app */,
			);
			name = Products;
			sourceTree = "<group>";
		};
		FB539E582657EDEE00FF3211 /* JustAskBizz */ = {
			isa = PBXGroup;
			children = (
				FB47084526592B4D00F92BF5 /* Models */,
				FB539E772657F0B900FF3211 /* ViewsModels */,
				FB539E762657F0B300FF3211 /* Views */,
				FB539E592657EDEE00FF3211 /* JustAskBizzApp.swift */,
				FB539E812657F32700FF3211 /* GoogleService-Info.plist */,
				FB539E5D2657EDF100FF3211 /* Assets.xcassets */,
				FB539E622657EDF100FF3211 /* Info.plist */,
				FB539E5F2657EDF100FF3211 /* Preview Content */,
			);
			path = JustAskBizz;
			sourceTree = "<group>";
		};
		FB539E5F2657EDF100FF3211 /* Preview Content */ = {
			isa = PBXGroup;
			children = (
				FB539E602657EDF100FF3211 /* Preview Assets.xcassets */,
			);
			path = "Preview Content";
			sourceTree = "<group>";
		};
		FB539E762657F0B300FF3211 /* Views */ = {
			isa = PBXGroup;
			children = (
				FB4708392659251C00F92BF5 /* AnswerPageView.swift */,
				FB4708332659251B00F92BF5 /* EditProfilePageView.swift */,
				FB4708342659251B00F92BF5 /* HomePageView.swift */,
				FB4708352659251B00F92BF5 /* LogInPageView.swift */,
				FB4708382659251C00F92BF5 /* ProfilePageView.swift */,
				FB4708362659251B00F92BF5 /* QuestionAddPageView.swift */,
				FB4708372659251C00F92BF5 /* QuestionsPageView.swift */,
				FB47083A2659251C00F92BF5 /* SearchPageView.swift */,
				FB539E6E2657EFE200FF3211 /* LoginView.swift */,
				FB539E722657EFED00FF3211 /* RegisterView.swift */,
			);
			path = Views;
			sourceTree = "<group>";
		};
		FB539E772657F0B900FF3211 /* ViewsModels */ = {
			isa = PBXGroup;
			children = (
				FB539E7A2657F11C00FF3211 /* AuthViewModel.swift */,
			);
			path = ViewsModels;
			sourceTree = "<group>";
		};
/* End PBXGroup section */

/* Begin PBXNativeTarget section */
		FB539E552657EDEE00FF3211 /* JustAskBizz */ = {
			isa = PBXNativeTarget;
			buildConfigurationList = FB539E652657EDF100FF3211 /* Build configuration list for PBXNativeTarget "JustAskBizz" */;
			buildPhases = (
				7D24BEB2069F245C99F997C8 /* [CP] Check Pods Manifest.lock */,
				FB539E522657EDEE00FF3211 /* Sources */,
				FB539E532657EDEE00FF3211 /* Frameworks */,
				FB539E542657EDEE00FF3211 /* Resources */,
				B4C36703626969A508B1FF33 /* [CP] Embed Pods Frameworks */,
			);
			buildRules = (
			);
			dependencies = (
			);
			name = JustAskBizz;
			productName = JustAskBizz;
			productReference = FB539E562657EDEE00FF3211 /* JustAskBizz.app */;
			productType = "com.apple.product-type.application";
		};
/* End PBXNativeTarget section */

/* Begin PBXProject section */
		FB539E4E2657EDEE00FF3211 /* Project object */ = {
			isa = PBXProject;
			attributes = {
				LastSwiftUpdateCheck = 1240;
				LastUpgradeCheck = 1240;
				TargetAttributes = {
					FB539E552657EDEE00FF3211 = {
						CreatedOnToolsVersion = 12.4;
					};
				};
			};
			buildConfigurationList = FB539E512657EDEE00FF3211 /* Build configuration list for PBXProject "JustAskBizz" */;
			compatibilityVersion = "Xcode 9.3";
			developmentRegion = en;
			hasScannedForEncodings = 0;
			knownRegions = (
				en,
				Base,
			);
			mainGroup = FB539E4D2657EDEE00FF3211;
			productRefGroup = FB539E572657EDEE00FF3211 /* Products */;
			projectDirPath = "";
			projectRoot = "";
			targets = (
				FB539E552657EDEE00FF3211 /* JustAskBizz */,
			);
		};
/* End PBXProject section */

/* Begin PBXResourcesBuildPhase section */
		FB539E542657EDEE00FF3211 /* Resources */ = {
			isa = PBXResourcesBuildPhase;
			buildActionMask = 2147483647;
			files = (
				FB539E612657EDF100FF3211 /* Preview Assets.xcassets in Resources */,
				FB539E5E2657EDF100FF3211 /* Assets.xcassets in Resources */,
				FB539E822657F32700FF3211 /* GoogleService-Info.plist in Resources */,
			);
			runOnlyForDeploymentPostprocessing = 0;
		};
/* End PBXResourcesBuildPhase section */

/* Begin PBXShellScriptBuildPhase section */
		7D24BEB2069F245C99F997C8 /* [CP] Check Pods Manifest.lock */ = {
			isa = PBXShellScriptBuildPhase;
			buildActionMask = 2147483647;
			files = (
			);
			inputFileListPaths = (
			);
			inputPaths = (
				"${PODS_PODFILE_DIR_PATH}/Podfile.lock",
				"${PODS_ROOT}/Manifest.lock",
			);
			name = "[CP] Check Pods Manifest.lock";
			outputFileListPaths = (
			);
			outputPaths = (
				"$(DERIVED_FILE_DIR)/Pods-JustAskBizz-checkManifestLockResult.txt",
			);
			runOnlyForDeploymentPostprocessing = 0;
			shellPath = /bin/sh;
			shellScript = "diff \"${PODS_PODFILE_DIR_PATH}/Podfile.lock\" \"${PODS_ROOT}/Manifest.lock\" > /dev/null\nif [ $? != 0 ] ; then\n    # print error to STDERR\n    echo \"error: The sandbox is not in sync with the Podfile.lock. Run 'pod install' or update your CocoaPods installation.\" >&2\n    exit 1\nfi\n# This output is used by Xcode 'outputs' to avoid re-running this script phase.\necho \"SUCCESS\" > \"${SCRIPT_OUTPUT_FILE_0}\"\n";
			showEnvVarsInLog = 0;
		};
		B4C36703626969A508B1FF33 /* [CP] Embed Pods Frameworks */ = {
			isa = PBXShellScriptBuildPhase;
			buildActionMask = 2147483647;
			files = (
			);
			inputFileListPaths = (
				"${PODS_ROOT}/Target Support Files/Pods-JustAskBizz/Pods-JustAskBizz-frameworks-${CONFIGURATION}-input-files.xcfilelist",
			);
			name = "[CP] Embed Pods Frameworks";
			outputFileListPaths = (
				"${PODS_ROOT}/Target Support Files/Pods-JustAskBizz/Pods-JustAskBizz-frameworks-${CONFIGURATION}-output-files.xcfilelist",
			);
			runOnlyForDeploymentPostprocessing = 0;
			shellPath = /bin/sh;
			shellScript = "\"${PODS_ROOT}/Target Support Files/Pods-JustAskBizz/Pods-JustAskBizz-frameworks.sh\"\n";
			showEnvVarsInLog = 0;
		};
/* End PBXShellScriptBuildPhase section */

/* Begin PBXSourcesBuildPhase section */
		FB539E522657EDEE00FF3211 /* Sources */ = {
			isa = PBXSourcesBuildPhase;
			buildActionMask = 2147483647;
			files = (
				FB47084726592B6000F92BF5 /* User.swift in Sources */,
				FB539E5A2657EDEE00FF3211 /* JustAskBizzApp.swift in Sources */,
				FB539E6F2657EFE200FF3211 /* LoginView.swift in Sources */,
				FB47083B2659251C00F92BF5 /* EditProfilePageView.swift in Sources */,
				FB539E7B2657F11C00FF3211 /* AuthViewModel.swift in Sources */,
				FB47084B26592BAB00F92BF5 /* Question.swift in Sources */,
				FB4708402659251C00F92BF5 /* ProfilePageView.swift in Sources */,
				FB47083E2659251C00F92BF5 /* QuestionAddPageView.swift in Sources */,
				FB4708412659251C00F92BF5 /* AnswerPageView.swift in Sources */,
				FB4708422659251C00F92BF5 /* SearchPageView.swift in Sources */,
				FB47083C2659251C00F92BF5 /* HomePageView.swift in Sources */,
				FB539E732657EFED00FF3211 /* RegisterView.swift in Sources */,
				FB47083D2659251C00F92BF5 /* LogInPageView.swift in Sources */,
				FB47083F2659251C00F92BF5 /* QuestionsPageView.swift in Sources */,
			);
			runOnlyForDeploymentPostprocessing = 0;
		};
/* End PBXSourcesBuildPhase section */

/* Begin XCBuildConfiguration section */
		FB539E632657EDF100FF3211 /* Debug */ = {
			isa = XCBuildConfiguration;
			buildSettings = {
				ALWAYS_SEARCH_USER_PATHS = NO;
				CLANG_ANALYZER_NONNULL = YES;
				CLANG_ANALYZER_NUMBER_OBJECT_CONVERSION = YES_AGGRESSIVE;
				CLANG_CXX_LANGUAGE_STANDARD = "gnu++14";
				CLANG_CXX_LIBRARY = "libc++";
				CLANG_ENABLE_MODULES = YES;
				CLANG_ENABLE_OBJC_ARC = YES;
				CLANG_ENABLE_OBJC_WEAK = YES;
				CLANG_WARN_BLOCK_CAPTURE_AUTORELEASING = YES;
				CLANG_WARN_BOOL_CONVERSION = YES;
				CLANG_WARN_COMMA = YES;
				CLANG_WARN_CONSTANT_CONVERSION = YES;
				CLANG_WARN_DEPRECATED_OBJC_IMPLEMENTATIONS = YES;
				CLANG_WARN_DIRECT_OBJC_ISA_USAGE = YES_ERROR;
				CLANG_WARN_DOCUMENTATION_COMMENTS = YES;
				CLANG_WARN_EMPTY_BODY = YES;
				CLANG_WARN_ENUM_CONVERSION = YES;
				CLANG_WARN_INFINITE_RECURSION = YES;
				CLANG_WARN_INT_CONVERSION = YES;
				CLANG_WARN_NON_LITERAL_NULL_CONVERSION = YES;
				CLANG_WARN_OBJC_IMPLICIT_RETAIN_SELF = YES;
				CLANG_WARN_OBJC_LITERAL_CONVERSION = YES;
				CLANG_WARN_OBJC_ROOT_CLASS = YES_ERROR;
				CLANG_WARN_QUOTED_INCLUDE_IN_FRAMEWORK_HEADER = YES;
				CLANG_WARN_RANGE_LOOP_ANALYSIS = YES;
				CLANG_WARN_STRICT_PROTOTYPES = YES;
				CLANG_WARN_SUSPICIOUS_MOVE = YES;
				CLANG_WARN_UNGUARDED_AVAILABILITY = YES_AGGRESSIVE;
				CLANG_WARN_UNREACHABLE_CODE = YES;
				CLANG_WARN__DUPLICATE_METHOD_MATCH = YES;
				COPY_PHASE_STRIP = NO;
				DEBUG_INFORMATION_FORMAT = dwarf;
				ENABLE_STRICT_OBJC_MSGSEND = YES;
				ENABLE_TESTABILITY = YES;
				GCC_C_LANGUAGE_STANDARD = gnu11;
				GCC_DYNAMIC_NO_PIC = NO;
				GCC_NO_COMMON_BLOCKS = YES;
				GCC_OPTIMIZATION_LEVEL = 0;
				GCC_PREPROCESSOR_DEFINITIONS = (
					"DEBUG=1",
					"$(inherited)",
				);
				GCC_WARN_64_TO_32_BIT_CONVERSION = YES;
				GCC_WARN_ABOUT_RETURN_TYPE = YES_ERROR;
				GCC_WARN_UNDECLARED_SELECTOR = YES;
				GCC_WARN_UNINITIALIZED_AUTOS = YES_AGGRESSIVE;
				GCC_WARN_UNUSED_FUNCTION = YES;
				GCC_WARN_UNUSED_VARIABLE = YES;
				IPHONEOS_DEPLOYMENT_TARGET = 14.4;
				MTL_ENABLE_DEBUG_INFO = INCLUDE_SOURCE;
				MTL_FAST_MATH = YES;
				ONLY_ACTIVE_ARCH = YES;
				SDKROOT = iphoneos;
				SWIFT_ACTIVE_COMPILATION_CONDITIONS = DEBUG;
				SWIFT_OPTIMIZATION_LEVEL = "-Onone";
			};
			name = Debug;
		};
		FB539E642657EDF100FF3211 /* Release */ = {
			isa = XCBuildConfiguration;
			buildSettings = {
				ALWAYS_SEARCH_USER_PATHS = NO;
				CLANG_ANALYZER_NONNULL = YES;
				CLANG_ANALYZER_NUMBER_OBJECT_CONVERSION = YES_AGGRESSIVE;
				CLANG_CXX_LANGUAGE_STANDARD = "gnu++14";
				CLANG_CXX_LIBRARY = "libc++";
				CLANG_ENABLE_MODULES = YES;
				CLANG_ENABLE_OBJC_ARC = YES;
				CLANG_ENABLE_OBJC_WEAK = YES;
				CLANG_WARN_BLOCK_CAPTURE_AUTORELEASING = YES;
				CLANG_WARN_BOOL_CONVERSION = YES;
				CLANG_WARN_COMMA = YES;
				CLANG_WARN_CONSTANT_CONVERSION = YES;
				CLANG_WARN_DEPRECATED_OBJC_IMPLEMENTATIONS = YES;
				CLANG_WARN_DIRECT_OBJC_ISA_USAGE = YES_ERROR;
				CLANG_WARN_DOCUMENTATION_COMMENTS = YES;
				CLANG_WARN_EMPTY_BODY = YES;
				CLANG_WARN_ENUM_CONVERSION = YES;
				CLANG_WARN_INFINITE_RECURSION = YES;
				CLANG_WARN_INT_CONVERSION = YES;
				CLANG_WARN_NON_LITERAL_NULL_CONVERSION = YES;
				CLANG_WARN_OBJC_IMPLICIT_RETAIN_SELF = YES;
				CLANG_WARN_OBJC_LITERAL_CONVERSION = YES;
				CLANG_WARN_OBJC_ROOT_CLASS = YES_ERROR;
				CLANG_WARN_QUOTED_INCLUDE_IN_FRAMEWORK_HEADER = YES;
				CLANG_WARN_RANGE_LOOP_ANALYSIS = YES;
				CLANG_WARN_STRICT_PROTOTYPES = YES;
				CLANG_WARN_SUSPICIOUS_MOVE = YES;
				CLANG_WARN_UNGUARDED_AVAILABILITY = YES_AGGRESSIVE;
				CLANG_WARN_UNREACHABLE_CODE = YES;
				CLANG_WARN__DUPLICATE_METHOD_MATCH = YES;
				COPY_PHASE_STRIP = NO;
				DEBUG_INFORMATION_FORMAT = "dwarf-with-dsym";
				ENABLE_NS_ASSERTIONS = NO;
				ENABLE_STRICT_OBJC_MSGSEND = YES;
				GCC_C_LANGUAGE_STANDARD = gnu11;
				GCC_NO_COMMON_BLOCKS = YES;
				GCC_WARN_64_TO_32_BIT_CONVERSION = YES;
				GCC_WARN_ABOUT_RETURN_TYPE = YES_ERROR;
				GCC_WARN_UNDECLARED_SELECTOR = YES;
				GCC_WARN_UNINITIALIZED_AUTOS = YES_AGGRESSIVE;
				GCC_WARN_UNUSED_FUNCTION = YES;
				GCC_WARN_UNUSED_VARIABLE = YES;
				IPHONEOS_DEPLOYMENT_TARGET = 14.4;
				MTL_ENABLE_DEBUG_INFO = NO;
				MTL_FAST_MATH = YES;
				SDKROOT = iphoneos;
				SWIFT_COMPILATION_MODE = wholemodule;
				SWIFT_OPTIMIZATION_LEVEL = "-O";
				VALIDATE_PRODUCT = YES;
			};
			name = Release;
		};
		FB539E662657EDF100FF3211 /* Debug */ = {
			isa = XCBuildConfiguration;
			baseConfigurationReference = 0CA6BABDF7F133F8EF310373 /* Pods-JustAskBizz.debug.xcconfig */;
			buildSettings = {
				ASSETCATALOG_COMPILER_APPICON_NAME = AppIcon;
				ASSETCATALOG_COMPILER_GLOBAL_ACCENT_COLOR_NAME = AccentColor;
				CODE_SIGN_STYLE = Automatic;
				DEVELOPMENT_ASSET_PATHS = "\"JustAskBizz/Preview Content\"";
				ENABLE_PREVIEWS = YES;
				INFOPLIST_FILE = JustAskBizz/Info.plist;
				IPHONEOS_DEPLOYMENT_TARGET = 14.0;
				LD_RUNPATH_SEARCH_PATHS = (
					"$(inherited)",
					"@executable_path/Frameworks",
				);
				PRODUCT_BUNDLE_IDENTIFIER = com.vojd.JustAskBizz;
				PRODUCT_NAME = "$(TARGET_NAME)";
				SWIFT_VERSION = 5.0;
				TARGETED_DEVICE_FAMILY = "1,2";
			};
			name = Debug;
		};
		FB539E672657EDF100FF3211 /* Release */ = {
			isa = XCBuildConfiguration;
			baseConfigurationReference = 8DA93C9CFC510CBA6215C9EE /* Pods-JustAskBizz.release.xcconfig */;
			buildSettings = {
				ASSETCATALOG_COMPILER_APPICON_NAME = AppIcon;
				ASSETCATALOG_COMPILER_GLOBAL_ACCENT_COLOR_NAME = AccentColor;
				CODE_SIGN_STYLE = Automatic;
				DEVELOPMENT_ASSET_PATHS = "\"JustAskBizz/Preview Content\"";
				ENABLE_PREVIEWS = YES;
				INFOPLIST_FILE = JustAskBizz/Info.plist;
				IPHONEOS_DEPLOYMENT_TARGET = 14.0;
				LD_RUNPATH_SEARCH_PATHS = (
					"$(inherited)",
					"@executable_path/Frameworks",
				);
				PRODUCT_BUNDLE_IDENTIFIER = com.vojd.JustAskBizz;
				PRODUCT_NAME = "$(TARGET_NAME)";
				SWIFT_VERSION = 5.0;
				TARGETED_DEVICE_FAMILY = "1,2";
			};
			name = Release;
		};
/* End XCBuildConfiguration section */

/* Begin XCConfigurationList section */
		FB539E512657EDEE00FF3211 /* Build configuration list for PBXProject "JustAskBizz" */ = {
			isa = XCConfigurationList;
			buildConfigurations = (
				FB539E632657EDF100FF3211 /* Debug */,
				FB539E642657EDF100FF3211 /* Release */,
			);
			defaultConfigurationIsVisible = 0;
			defaultConfigurationName = Release;
		};
		FB539E652657EDF100FF3211 /* Build configuration list for PBXNativeTarget "JustAskBizz" */ = {
			isa = XCConfigurationList;
			buildConfigurations = (
				FB539E662657EDF100FF3211 /* Debug */,
				FB539E672657EDF100FF3211 /* Release */,
			);
			defaultConfigurationIsVisible = 0;
			defaultConfigurationName = Release;
		};
/* End XCConfigurationList section */
	};
	rootObject = FB539E4E2657EDEE00FF3211 /* Project object */;
}
