// !$*UTF8*$!
{
	archiveVersion = 1;
	classes = {
	};
	objectVersion = 51;
	objects = {

/* Begin PBXBuildFile section */
		56A86C5A7D0C4BF745587B4A /* Pods_bubbleCategories.framework in Frameworks */ = {isa = PBXBuildFile; fileRef = ED803A5DD2FD82FAC5E0E9FE /* Pods_bubbleCategories.framework */; };
		F6307D652655327F0074468B /* bubbleCategoriesApp.swift in Sources */ = {isa = PBXBuildFile; fileRef = F6307D642655327F0074468B /* bubbleCategoriesApp.swift */; };
		F6307D672655327F0074468B /* ContentView.swift in Sources */ = {isa = PBXBuildFile; fileRef = F6307D662655327F0074468B /* ContentView.swift */; };
		F6307D69265532800074468B /* Assets.xcassets in Resources */ = {isa = PBXBuildFile; fileRef = F6307D68265532800074468B /* Assets.xcassets */; };
		F6307D6C265532800074468B /* Preview Assets.xcassets in Resources */ = {isa = PBXBuildFile; fileRef = F6307D6B265532800074468B /* Preview Assets.xcassets */; };
/* End PBXBuildFile section */

/* Begin PBXFileReference section */
		66AC4A4D8E602F36D5DE3A75 /* Pods-bubbleCategories.release.xcconfig */ = {isa = PBXFileReference; includeInIndex = 1; lastKnownFileType = text.xcconfig; name = "Pods-bubbleCategories.release.xcconfig"; path = "Target Support Files/Pods-bubbleCategories/Pods-bubbleCategories.release.xcconfig"; sourceTree = "<group>"; };
		6C492A6A3FA1FA097BF1197B /* Pods-bubbleCategories.debug.xcconfig */ = {isa = PBXFileReference; includeInIndex = 1; lastKnownFileType = text.xcconfig; name = "Pods-bubbleCategories.debug.xcconfig"; path = "Target Support Files/Pods-bubbleCategories/Pods-bubbleCategories.debug.xcconfig"; sourceTree = "<group>"; };
		ED803A5DD2FD82FAC5E0E9FE /* Pods_bubbleCategories.framework */ = {isa = PBXFileReference; explicitFileType = wrapper.framework; includeInIndex = 0; name = Pods_bubbleCategories.framework; path = "/Users/danielvaswani/Library/Developer/Xcode/DerivedData/bubbleCategories-frtondemiezscqamulxurchtysni/Build/Products/Debug-iphoneos/Pods_bubbleCategories.framework"; sourceTree = "<absolute>"; };
		F6307D612655327F0074468B /* bubbleCategories.app */ = {isa = PBXFileReference; explicitFileType = wrapper.application; includeInIndex = 0; path = bubbleCategories.app; sourceTree = BUILT_PRODUCTS_DIR; };
		F6307D642655327F0074468B /* bubbleCategoriesApp.swift */ = {isa = PBXFileReference; lastKnownFileType = sourcecode.swift; path = bubbleCategoriesApp.swift; sourceTree = "<group>"; };
		F6307D662655327F0074468B /* ContentView.swift */ = {isa = PBXFileReference; lastKnownFileType = sourcecode.swift; path = ContentView.swift; sourceTree = "<group>"; };
		F6307D68265532800074468B /* Assets.xcassets */ = {isa = PBXFileReference; lastKnownFileType = folder.assetcatalog; path = Assets.xcassets; sourceTree = "<group>"; };
		F6307D6B265532800074468B /* Preview Assets.xcassets */ = {isa = PBXFileReference; lastKnownFileType = folder.assetcatalog; path = "Preview Assets.xcassets"; sourceTree = "<group>"; };
		F6307D6D265532800074468B /* Info.plist */ = {isa = PBXFileReference; lastKnownFileType = text.plist.xml; path = Info.plist; sourceTree = "<group>"; };
/* End PBXFileReference section */

/* Begin PBXFrameworksBuildPhase section */
		F6307D5E2655327F0074468B /* Frameworks */ = {
			isa = PBXFrameworksBuildPhase;
			buildActionMask = 2147483647;
			files = (
				56A86C5A7D0C4BF745587B4A /* Pods_bubbleCategories.framework in Frameworks */,
			);
			runOnlyForDeploymentPostprocessing = 0;
		};
/* End PBXFrameworksBuildPhase section */

/* Begin PBXGroup section */
		091270831F81154BB5AB6735 /* Pods */ = {
			isa = PBXGroup;
			children = (
				6C492A6A3FA1FA097BF1197B /* Pods-bubbleCategories.debug.xcconfig */,
				66AC4A4D8E602F36D5DE3A75 /* Pods-bubbleCategories.release.xcconfig */,
			);
			path = Pods;
			sourceTree = "<group>";
		};
		A1AA6E58EF870EDB7AE99709 /* Frameworks */ = {
			isa = PBXGroup;
			children = (
				ED803A5DD2FD82FAC5E0E9FE /* Pods_bubbleCategories.framework */,
			);
			name = Frameworks;
			sourceTree = "<group>";
		};
		F6307D582655327F0074468B = {
			isa = PBXGroup;
			children = (
				F6307D632655327F0074468B /* bubbleCategories */,
				F6307D622655327F0074468B /* Products */,
				091270831F81154BB5AB6735 /* Pods */,
				A1AA6E58EF870EDB7AE99709 /* Frameworks */,
			);
			sourceTree = "<group>";
		};
		F6307D622655327F0074468B /* Products */ = {
			isa = PBXGroup;
			children = (
				F6307D612655327F0074468B /* bubbleCategories.app */,
			);
			name = Products;
			sourceTree = "<group>";
		};
		F6307D632655327F0074468B /* bubbleCategories */ = {
			isa = PBXGroup;
			children = (
				F6307D642655327F0074468B /* bubbleCategoriesApp.swift */,
				F6307D662655327F0074468B /* ContentView.swift */,
				F6307D68265532800074468B /* Assets.xcassets */,
				F6307D6D265532800074468B /* Info.plist */,
				F6307D6A265532800074468B /* Preview Content */,
			);
			path = bubbleCategories;
			sourceTree = "<group>";
		};
		F6307D6A265532800074468B /* Preview Content */ = {
			isa = PBXGroup;
			children = (
				F6307D6B265532800074468B /* Preview Assets.xcassets */,
			);
			path = "Preview Content";
			sourceTree = "<group>";
		};
/* End PBXGroup section */

/* Begin PBXNativeTarget section */
		F6307D602655327F0074468B /* bubbleCategories */ = {
			isa = PBXNativeTarget;
			buildConfigurationList = F6307D70265532800074468B /* Build configuration list for PBXNativeTarget "bubbleCategories" */;
			buildPhases = (
				253C42593FC20FF07052A3A6 /* [CP] Check Pods Manifest.lock */,
				F6307D5D2655327F0074468B /* Sources */,
				F6307D5E2655327F0074468B /* Frameworks */,
				F6307D5F2655327F0074468B /* Resources */,
				C3132C8D6168FD73D8A9F43D /* [CP] Embed Pods Frameworks */,
			);
			buildRules = (
			);
			dependencies = (
			);
			name = bubbleCategories;
			productName = bubbleCategories;
			productReference = F6307D612655327F0074468B /* bubbleCategories.app */;
			productType = "com.apple.product-type.application";
		};
/* End PBXNativeTarget section */

/* Begin PBXProject section */
		F6307D592655327F0074468B /* Project object */ = {
			isa = PBXProject;
			attributes = {
				LastSwiftUpdateCheck = 1250;
				LastUpgradeCheck = 1250;
				TargetAttributes = {
					F6307D602655327F0074468B = {
						CreatedOnToolsVersion = 12.5;
					};
				};
			};
			buildConfigurationList = F6307D5C2655327F0074468B /* Build configuration list for PBXProject "bubbleCategories" */;
			compatibilityVersion = "Xcode 9.3";
			developmentRegion = en;
			hasScannedForEncodings = 0;
			knownRegions = (
				en,
				Base,
			);
			mainGroup = F6307D582655327F0074468B;
			productRefGroup = F6307D622655327F0074468B /* Products */;
			projectDirPath = "";
			projectRoot = "";
			targets = (
				F6307D602655327F0074468B /* bubbleCategories */,
			);
		};
/* End PBXProject section */

/* Begin PBXResourcesBuildPhase section */
		F6307D5F2655327F0074468B /* Resources */ = {
			isa = PBXResourcesBuildPhase;
			buildActionMask = 2147483647;
			files = (
				F6307D6C265532800074468B /* Preview Assets.xcassets in Resources */,
				F6307D69265532800074468B /* Assets.xcassets in Resources */,
			);
			runOnlyForDeploymentPostprocessing = 0;
		};
/* End PBXResourcesBuildPhase section */

/* Begin PBXShellScriptBuildPhase section */
		253C42593FC20FF07052A3A6 /* [CP] Check Pods Manifest.lock */ = {
			isa = PBXShellScriptBuildPhase;
			buildActionMask = 2147483647;
			files = (
			);
			inputFileListPaths = (
			);
			inputPaths = (
				"${PODS_PODFILE_DIR_PATH}/Podfile.lock",
				"${PODS_ROOT}/Manifest.lock",
			);
			name = "[CP] Check Pods Manifest.lock";
			outputFileListPaths = (
			);
			outputPaths = (
				"$(DERIVED_FILE_DIR)/Pods-bubbleCategories-checkManifestLockResult.txt",
			);
			runOnlyForDeploymentPostprocessing = 0;
			shellPath = /bin/sh;
			shellScript = "diff \"${PODS_PODFILE_DIR_PATH}/Podfile.lock\" \"${PODS_ROOT}/Manifest.lock\" > /dev/null\nif [ $? != 0 ] ; then\n    # print error to STDERR\n    echo \"error: The sandbox is not in sync with the Podfile.lock. Run 'pod install' or update your CocoaPods installation.\" >&2\n    exit 1\nfi\n# This output is used by Xcode 'outputs' to avoid re-running this script phase.\necho \"SUCCESS\" > \"${SCRIPT_OUTPUT_FILE_0}\"\n";
			showEnvVarsInLog = 0;
		};
		C3132C8D6168FD73D8A9F43D /* [CP] Embed Pods Frameworks */ = {
			isa = PBXShellScriptBuildPhase;
			buildActionMask = 2147483647;
			files = (
			);
			inputFileListPaths = (
				"${PODS_ROOT}/Target Support Files/Pods-bubbleCategories/Pods-bubbleCategories-frameworks-${CONFIGURATION}-input-files.xcfilelist",
			);
			name = "[CP] Embed Pods Frameworks";
			outputFileListPaths = (
				"${PODS_ROOT}/Target Support Files/Pods-bubbleCategories/Pods-bubbleCategories-frameworks-${CONFIGURATION}-output-files.xcfilelist",
			);
			runOnlyForDeploymentPostprocessing = 0;
			shellPath = /bin/sh;
			shellScript = "\"${PODS_ROOT}/Target Support Files/Pods-bubbleCategories/Pods-bubbleCategories-frameworks.sh\"\n";
			showEnvVarsInLog = 0;
		};
/* End PBXShellScriptBuildPhase section */

/* Begin PBXSourcesBuildPhase section */
		F6307D5D2655327F0074468B /* Sources */ = {
			isa = PBXSourcesBuildPhase;
			buildActionMask = 2147483647;
			files = (
				F6307D672655327F0074468B /* ContentView.swift in Sources */,
				F6307D652655327F0074468B /* bubbleCategoriesApp.swift in Sources */,
			);
			runOnlyForDeploymentPostprocessing = 0;
		};
/* End PBXSourcesBuildPhase section */

/* Begin XCBuildConfiguration section */
		F6307D6E265532800074468B /* Debug */ = {
			isa = XCBuildConfiguration;
			buildSettings = {
				ALWAYS_SEARCH_USER_PATHS = NO;
				CLANG_ANALYZER_NONNULL = YES;
				CLANG_ANALYZER_NUMBER_OBJECT_CONVERSION = YES_AGGRESSIVE;
				CLANG_CXX_LANGUAGE_STANDARD = "gnu++14";
				CLANG_CXX_LIBRARY = "libc++";
				CLANG_ENABLE_MODULES = YES;
				CLANG_ENABLE_OBJC_ARC = YES;
				CLANG_ENABLE_OBJC_WEAK = YES;
				CLANG_WARN_BLOCK_CAPTURE_AUTORELEASING = YES;
				CLANG_WARN_BOOL_CONVERSION = YES;
				CLANG_WARN_COMMA = YES;
				CLANG_WARN_CONSTANT_CONVERSION = YES;
				CLANG_WARN_DEPRECATED_OBJC_IMPLEMENTATIONS = YES;
				CLANG_WARN_DIRECT_OBJC_ISA_USAGE = YES_ERROR;
				CLANG_WARN_DOCUMENTATION_COMMENTS = YES;
				CLANG_WARN_EMPTY_BODY = YES;
				CLANG_WARN_ENUM_CONVERSION = YES;
				CLANG_WARN_INFINITE_RECURSION = YES;
				CLANG_WARN_INT_CONVERSION = YES;
				CLANG_WARN_NON_LITERAL_NULL_CONVERSION = YES;
				CLANG_WARN_OBJC_IMPLICIT_RETAIN_SELF = YES;
				CLANG_WARN_OBJC_LITERAL_CONVERSION = YES;
				CLANG_WARN_OBJC_ROOT_CLASS = YES_ERROR;
				CLANG_WARN_QUOTED_INCLUDE_IN_FRAMEWORK_HEADER = YES;
				CLANG_WARN_RANGE_LOOP_ANALYSIS = YES;
				CLANG_WARN_STRICT_PROTOTYPES = YES;
				CLANG_WARN_SUSPICIOUS_MOVE = YES;
				CLANG_WARN_UNGUARDED_AVAILABILITY = YES_AGGRESSIVE;
				CLANG_WARN_UNREACHABLE_CODE = YES;
				CLANG_WARN__DUPLICATE_METHOD_MATCH = YES;
				COPY_PHASE_STRIP = NO;
				DEBUG_INFORMATION_FORMAT = dwarf;
				ENABLE_STRICT_OBJC_MSGSEND = YES;
				ENABLE_TESTABILITY = YES;
				GCC_C_LANGUAGE_STANDARD = gnu11;
				GCC_DYNAMIC_NO_PIC = NO;
				GCC_NO_COMMON_BLOCKS = YES;
				GCC_OPTIMIZATION_LEVEL = 0;
				GCC_PREPROCESSOR_DEFINITIONS = (
					"DEBUG=1",
					"$(inherited)",
				);
				GCC_WARN_64_TO_32_BIT_CONVERSION = YES;
				GCC_WARN_ABOUT_RETURN_TYPE = YES_ERROR;
				GCC_WARN_UNDECLARED_SELECTOR = YES;
				GCC_WARN_UNINITIALIZED_AUTOS = YES_AGGRESSIVE;
				GCC_WARN_UNUSED_FUNCTION = YES;
				GCC_WARN_UNUSED_VARIABLE = YES;
				IPHONEOS_DEPLOYMENT_TARGET = 14.5;
				MTL_ENABLE_DEBUG_INFO = INCLUDE_SOURCE;
				MTL_FAST_MATH = YES;
				ONLY_ACTIVE_ARCH = YES;
				SDKROOT = iphoneos;
				SWIFT_ACTIVE_COMPILATION_CONDITIONS = DEBUG;
				SWIFT_OPTIMIZATION_LEVEL = "-Onone";
			};
			name = Debug;
		};
		F6307D6F265532800074468B /* Release */ = {
			isa = XCBuildConfiguration;
			buildSettings = {
				ALWAYS_SEARCH_USER_PATHS = NO;
				CLANG_ANALYZER_NONNULL = YES;
				CLANG_ANALYZER_NUMBER_OBJECT_CONVERSION = YES_AGGRESSIVE;
				CLANG_CXX_LANGUAGE_STANDARD = "gnu++14";
				CLANG_CXX_LIBRARY = "libc++";
				CLANG_ENABLE_MODULES = YES;
				CLANG_ENABLE_OBJC_ARC = YES;
				CLANG_ENABLE_OBJC_WEAK = YES;
				CLANG_WARN_BLOCK_CAPTURE_AUTORELEASING = YES;
				CLANG_WARN_BOOL_CONVERSION = YES;
				CLANG_WARN_COMMA = YES;
				CLANG_WARN_CONSTANT_CONVERSION = YES;
				CLANG_WARN_DEPRECATED_OBJC_IMPLEMENTATIONS = YES;
				CLANG_WARN_DIRECT_OBJC_ISA_USAGE = YES_ERROR;
				CLANG_WARN_DOCUMENTATION_COMMENTS = YES;
				CLANG_WARN_EMPTY_BODY = YES;
				CLANG_WARN_ENUM_CONVERSION = YES;
				CLANG_WARN_INFINITE_RECURSION = YES;
				CLANG_WARN_INT_CONVERSION = YES;
				CLANG_WARN_NON_LITERAL_NULL_CONVERSION = YES;
				CLANG_WARN_OBJC_IMPLICIT_RETAIN_SELF = YES;
				CLANG_WARN_OBJC_LITERAL_CONVERSION = YES;
				CLANG_WARN_OBJC_ROOT_CLASS = YES_ERROR;
				CLANG_WARN_QUOTED_INCLUDE_IN_FRAMEWORK_HEADER = YES;
				CLANG_WARN_RANGE_LOOP_ANALYSIS = YES;
				CLANG_WARN_STRICT_PROTOTYPES = YES;
				CLANG_WARN_SUSPICIOUS_MOVE = YES;
				CLANG_WARN_UNGUARDED_AVAILABILITY = YES_AGGRESSIVE;
				CLANG_WARN_UNREACHABLE_CODE = YES;
				CLANG_WARN__DUPLICATE_METHOD_MATCH = YES;
				COPY_PHASE_STRIP = NO;
				DEBUG_INFORMATION_FORMAT = "dwarf-with-dsym";
				ENABLE_NS_ASSERTIONS = NO;
				ENABLE_STRICT_OBJC_MSGSEND = YES;
				GCC_C_LANGUAGE_STANDARD = gnu11;
				GCC_NO_COMMON_BLOCKS = YES;
				GCC_WARN_64_TO_32_BIT_CONVERSION = YES;
				GCC_WARN_ABOUT_RETURN_TYPE = YES_ERROR;
				GCC_WARN_UNDECLARED_SELECTOR = YES;
				GCC_WARN_UNINITIALIZED_AUTOS = YES_AGGRESSIVE;
				GCC_WARN_UNUSED_FUNCTION = YES;
				GCC_WARN_UNUSED_VARIABLE = YES;
				IPHONEOS_DEPLOYMENT_TARGET = 14.5;
				MTL_ENABLE_DEBUG_INFO = NO;
				MTL_FAST_MATH = YES;
				SDKROOT = iphoneos;
				SWIFT_COMPILATION_MODE = wholemodule;
				SWIFT_OPTIMIZATION_LEVEL = "-O";
				VALIDATE_PRODUCT = YES;
			};
			name = Release;
		};
		F6307D71265532800074468B /* Debug */ = {
			isa = XCBuildConfiguration;
			baseConfigurationReference = 6C492A6A3FA1FA097BF1197B /* Pods-bubbleCategories.debug.xcconfig */;
			buildSettings = {
				ASSETCATALOG_COMPILER_APPICON_NAME = AppIcon;
				ASSETCATALOG_COMPILER_GLOBAL_ACCENT_COLOR_NAME = AccentColor;
				CODE_SIGN_STYLE = Automatic;
				DEVELOPMENT_ASSET_PATHS = "\"bubbleCategories/Preview Content\"";
				DEVELOPMENT_TEAM = B75B8HZMUH;
				ENABLE_PREVIEWS = YES;
				INFOPLIST_FILE = bubbleCategories/Info.plist;
				IPHONEOS_DEPLOYMENT_TARGET = 14.0;
				LD_RUNPATH_SEARCH_PATHS = (
					"$(inherited)",
					"@executable_path/Frameworks",
				);
				PRODUCT_BUNDLE_IDENTIFIER = daniel.bubbleCategories;
				PRODUCT_NAME = "$(TARGET_NAME)";
				SWIFT_VERSION = 5.0;
				TARGETED_DEVICE_FAMILY = "1,2";
			};
			name = Debug;
		};
		F6307D72265532800074468B /* Release */ = {
			isa = XCBuildConfiguration;
			baseConfigurationReference = 66AC4A4D8E602F36D5DE3A75 /* Pods-bubbleCategories.release.xcconfig */;
			buildSettings = {
				ASSETCATALOG_COMPILER_APPICON_NAME = AppIcon;
				ASSETCATALOG_COMPILER_GLOBAL_ACCENT_COLOR_NAME = AccentColor;
				CODE_SIGN_STYLE = Automatic;
				DEVELOPMENT_ASSET_PATHS = "\"bubbleCategories/Preview Content\"";
				DEVELOPMENT_TEAM = B75B8HZMUH;
				ENABLE_PREVIEWS = YES;
				INFOPLIST_FILE = bubbleCategories/Info.plist;
				IPHONEOS_DEPLOYMENT_TARGET = 14.0;
				LD_RUNPATH_SEARCH_PATHS = (
					"$(inherited)",
					"@executable_path/Frameworks",
				);
				PRODUCT_BUNDLE_IDENTIFIER = daniel.bubbleCategories;
				PRODUCT_NAME = "$(TARGET_NAME)";
				SWIFT_VERSION = 5.0;
				TARGETED_DEVICE_FAMILY = "1,2";
			};
			name = Release;
		};
/* End XCBuildConfiguration section */

/* Begin XCConfigurationList section */
		F6307D5C2655327F0074468B /* Build configuration list for PBXProject "bubbleCategories" */ = {
			isa = XCConfigurationList;
			buildConfigurations = (
				F6307D6E265532800074468B /* Debug */,
				F6307D6F265532800074468B /* Release */,
			);
			defaultConfigurationIsVisible = 0;
			defaultConfigurationName = Release;
		};
		F6307D70265532800074468B /* Build configuration list for PBXNativeTarget "bubbleCategories" */ = {
			isa = XCConfigurationList;
			buildConfigurations = (
				F6307D71265532800074468B /* Debug */,
				F6307D72265532800074468B /* Release */,
			);
			defaultConfigurationIsVisible = 0;
			defaultConfigurationName = Release;
		};
/* End XCConfigurationList section */
	};
	rootObject = F6307D592655327F0074468B /* Project object */;
}
